
Microsoft Visual Studio Solution File, Format Version 12.00
# Visual Studio Version 17
VisualStudioVersion = 17.10.35013.160
MinimumVisualStudioVersion = 10.0.40219.1
Project("{FAE04EC0-301F-11D3-BF4B-00C04F79EFBC}") = "E_Commerce", "E_Commerce\E_Commerce.csproj", "{D118530C-8132-4B98-9816-50DE8CFAADC6}"
EndProject
Global
	GlobalSection(SolutionConfigurationPlatforms) = preSolution
		Debug|Any CPU = Debug|Any CPU
		Release|Any CPU = Release|Any CPU
	EndGlobalSection
	GlobalSection(ProjectConfigurationPlatforms) = postSolution
		{D118530C-8132-4B98-9816-50DE8CFAADC6}.Debug|Any CPU.ActiveCfg = Debug|Any CPU
		{D118530C-8132-4B98-9816-50DE8CFAADC6}.Debug|Any CPU.Build.0 = Debug|Any CPU
		{D118530C-8132-4B98-9816-50DE8CFAADC6}.Release|Any CPU.ActiveCfg = Release|Any CPU
		{D118530C-8132-4B98-9816-50DE8CFAADC6}.Release|Any CPU.Build.0 = Release|Any CPU
	EndGlobalSection
	GlobalSection(SolutionProperties) = preSolution
		HideSolutionNode = FALSE
	EndGlobalSection
	GlobalSection(ExtensibilityGlobals) = postSolution
		SolutionGuid = {0AF9F827-FA1D-4563-822A-7960F133C696}
	EndGlobalSection
EndGlobal
